
Microsoft Visual Studio Solution File, Format Version 12.00
# Visual Studio Version 17
VisualStudioVersion = 17.8.34330.188
MinimumVisualStudioVersion = 10.0.40219.1
Project("{FAE04EC0-301F-11D3-BF4B-00C04F79EFBC}") = "AssetManagementWEBAPI", "AssetManagementWEBAPI\AssetManagementWEBAPI.csproj", "{0AF96631-EE2E-4AC8-A9F5-E20B0E7E716C}"
EndProject
Global
	GlobalSection(SolutionConfigurationPlatforms) = preSolution
		Debug|Any CPU = Debug|Any CPU
		Release|Any CPU = Release|Any CPU
	EndGlobalSection
	GlobalSection(ProjectConfigurationPlatforms) = postSolution
		{0AF96631-EE2E-4AC8-A9F5-E20B0E7E716C}.Debug|Any CPU.ActiveCfg = Debug|Any CPU
		{0AF96631-EE2E-4AC8-A9F5-E20B0E7E716C}.Debug|Any CPU.Build.0 = Debug|Any CPU
		{0AF96631-EE2E-4AC8-A9F5-E20B0E7E716C}.Release|Any CPU.ActiveCfg = Release|Any CPU
		{0AF96631-EE2E-4AC8-A9F5-E20B0E7E716C}.Release|Any CPU.Build.0 = Release|Any CPU
	EndGlobalSection
	GlobalSection(SolutionProperties) = preSolution
		HideSolutionNode = FALSE
	EndGlobalSection
	GlobalSection(ExtensibilityGlobals) = postSolution
		SolutionGuid = {E922CBB6-7EA5-4DF6-87AA-CD411614E002}
	EndGlobalSection
EndGlobal
